
Microsoft Visual Studio Solution File, Format Version 12.00
# Visual Studio Version 17
VisualStudioVersion = 17.10.35004.147
MinimumVisualStudioVersion = 10.0.40219.1
Project("{9A19103F-16F7-4668-BE54-9A1E7A4F7556}") = "ConsoleApp2", "ConsoleApp2\ConsoleApp2.csproj", "{7A72206C-558F-4F18-A8AF-8D36327A08DE}"
EndProject
Project("{FAE04EC0-301F-11D3-BF4B-00C04F79EFBC}") = "Metodos", "Metodos\Metodos.csproj", "{BEA5D266-0C45-4DAB-A784-6D06954E2070}"
EndProject
Project("{FAE04EC0-301F-11D3-BF4B-00C04F79EFBC}") = "Objetos1", "Objetos1\Objetos1.csproj", "{704C8C6D-7CDB-4956-86AC-804E674D56EE}"
EndProject
Global
	GlobalSection(SolutionConfigurationPlatforms) = preSolution
		Debug|Any CPU = Debug|Any CPU
		Release|Any CPU = Release|Any CPU
	EndGlobalSection
	GlobalSection(ProjectConfigurationPlatforms) = postSolution
		{7A72206C-558F-4F18-A8AF-8D36327A08DE}.Debug|Any CPU.ActiveCfg = Debug|Any CPU
		{7A72206C-558F-4F18-A8AF-8D36327A08DE}.Debug|Any CPU.Build.0 = Debug|Any CPU
		{7A72206C-558F-4F18-A8AF-8D36327A08DE}.Release|Any CPU.ActiveCfg = Release|Any CPU
		{7A72206C-558F-4F18-A8AF-8D36327A08DE}.Release|Any CPU.Build.0 = Release|Any CPU
		{BEA5D266-0C45-4DAB-A784-6D06954E2070}.Debug|Any CPU.ActiveCfg = Debug|Any CPU
		{BEA5D266-0C45-4DAB-A784-6D06954E2070}.Debug|Any CPU.Build.0 = Debug|Any CPU
		{BEA5D266-0C45-4DAB-A784-6D06954E2070}.Release|Any CPU.ActiveCfg = Release|Any CPU
		{BEA5D266-0C45-4DAB-A784-6D06954E2070}.Release|Any CPU.Build.0 = Release|Any CPU
		{704C8C6D-7CDB-4956-86AC-804E674D56EE}.Debug|Any CPU.ActiveCfg = Debug|Any CPU
		{704C8C6D-7CDB-4956-86AC-804E674D56EE}.Debug|Any CPU.Build.0 = Debug|Any CPU
		{704C8C6D-7CDB-4956-86AC-804E674D56EE}.Release|Any CPU.ActiveCfg = Release|Any CPU
		{704C8C6D-7CDB-4956-86AC-804E674D56EE}.Release|Any CPU.Build.0 = Release|Any CPU
	EndGlobalSection
	GlobalSection(SolutionProperties) = preSolution
		HideSolutionNode = FALSE
	EndGlobalSection
	GlobalSection(ExtensibilityGlobals) = postSolution
		SolutionGuid = {59C2D431-D6D3-49D0-A6A1-7E62A498A25F}
	EndGlobalSection
EndGlobal
